// !$*UTF8*$!
{
	archiveVersion = 1;
	classes = {
	};
	objectVersion = 56;
	objects = {

/* Begin PBXBuildFile section */
		1E586D682B11BC8000CA1E00 /* AppDelegate.swift in Sources */ = {isa = PBXBuildFile; fileRef = 1E586D672B11BC8000CA1E00 /* AppDelegate.swift */; };
		1E586D6A2B11BC8000CA1E00 /* SceneDelegate.swift in Sources */ = {isa = PBXBuildFile; fileRef = 1E586D692B11BC8000CA1E00 /* SceneDelegate.swift */; };
		1E586D6C2B11BC8000CA1E00 /* ExchangeViewController.swift in Sources */ = {isa = PBXBuildFile; fileRef = 1E586D6B2B11BC8000CA1E00 /* ExchangeViewController.swift */; };
		1E586D712B11BC8100CA1E00 /* Assets.xcassets in Resources */ = {isa = PBXBuildFile; fileRef = 1E586D702B11BC8100CA1E00 /* Assets.xcassets */; };
		1E586D742B11BC8100CA1E00 /* LaunchScreen.storyboard in Resources */ = {isa = PBXBuildFile; fileRef = 1E586D722B11BC8100CA1E00 /* LaunchScreen.storyboard */; };
		1E586D812B11C01300CA1E00 /* MainScreen.swift in Sources */ = {isa = PBXBuildFile; fileRef = 1E586D802B11C01300CA1E00 /* MainScreen.swift */; };
		1E586D842B11CE3000CA1E00 /* UIView - Extension.swift in Sources */ = {isa = PBXBuildFile; fileRef = 1E586D832B11CE3000CA1E00 /* UIView - Extension.swift */; };
		1E586D882B13276100CA1E00 /* ApiManager.swift in Sources */ = {isa = PBXBuildFile; fileRef = 1E586D872B13276100CA1E00 /* ApiManager.swift */; };
		1E586D8E2B135B7800CA1E00 /* Coinapi.swift in Sources */ = {isa = PBXBuildFile; fileRef = 1E586D8D2B135B7800CA1E00 /* Coinapi.swift */; };
		1E586D922B137A6400CA1E00 /* Coins.swift in Sources */ = {isa = PBXBuildFile; fileRef = 1E586D912B137A6400CA1E00 /* Coins.swift */; };
		1E586D962B13B9C500CA1E00 /* SaveTableViewCell.swift in Sources */ = {isa = PBXBuildFile; fileRef = 1E586D952B13B9C500CA1E00 /* SaveTableViewCell.swift */; };
		1E586D9A2B13BE5F00CA1E00 /* SaveTableViewController.swift in Sources */ = {isa = PBXBuildFile; fileRef = 1E586D992B13BE5F00CA1E00 /* SaveTableViewController.swift */; };
/* End PBXBuildFile section */

/* Begin PBXFileReference section */
		1E586D642B11BC8000CA1E00 /* Crypto Exchange.app */ = {isa = PBXFileReference; explicitFileType = wrapper.application; includeInIndex = 0; path = "Crypto Exchange.app"; sourceTree = BUILT_PRODUCTS_DIR; };
		1E586D672B11BC8000CA1E00 /* AppDelegate.swift */ = {isa = PBXFileReference; lastKnownFileType = sourcecode.swift; path = AppDelegate.swift; sourceTree = "<group>"; };
		1E586D692B11BC8000CA1E00 /* SceneDelegate.swift */ = {isa = PBXFileReference; lastKnownFileType = sourcecode.swift; path = SceneDelegate.swift; sourceTree = "<group>"; };
		1E586D6B2B11BC8000CA1E00 /* ExchangeViewController.swift */ = {isa = PBXFileReference; lastKnownFileType = sourcecode.swift; path = ExchangeViewController.swift; sourceTree = "<group>"; };
		1E586D702B11BC8100CA1E00 /* Assets.xcassets */ = {isa = PBXFileReference; lastKnownFileType = folder.assetcatalog; path = Assets.xcassets; sourceTree = "<group>"; };
		1E586D732B11BC8100CA1E00 /* Base */ = {isa = PBXFileReference; lastKnownFileType = file.storyboard; name = Base; path = Base.lproj/LaunchScreen.storyboard; sourceTree = "<group>"; };
		1E586D752B11BC8100CA1E00 /* Info.plist */ = {isa = PBXFileReference; lastKnownFileType = text.plist.xml; path = Info.plist; sourceTree = "<group>"; };
		1E586D802B11C01300CA1E00 /* MainScreen.swift */ = {isa = PBXFileReference; lastKnownFileType = sourcecode.swift; path = MainScreen.swift; sourceTree = "<group>"; };
		1E586D832B11CE3000CA1E00 /* UIView - Extension.swift */ = {isa = PBXFileReference; lastKnownFileType = sourcecode.swift; path = "UIView - Extension.swift"; sourceTree = "<group>"; };
		1E586D872B13276100CA1E00 /* ApiManager.swift */ = {isa = PBXFileReference; lastKnownFileType = sourcecode.swift; path = ApiManager.swift; sourceTree = "<group>"; };
		1E586D8D2B135B7800CA1E00 /* Coinapi.swift */ = {isa = PBXFileReference; lastKnownFileType = sourcecode.swift; path = Coinapi.swift; sourceTree = "<group>"; };
		1E586D912B137A6400CA1E00 /* Coins.swift */ = {isa = PBXFileReference; lastKnownFileType = sourcecode.swift; path = Coins.swift; sourceTree = "<group>"; };
		1E586D952B13B9C500CA1E00 /* SaveTableViewCell.swift */ = {isa = PBXFileReference; lastKnownFileType = sourcecode.swift; path = SaveTableViewCell.swift; sourceTree = "<group>"; };
		1E586D992B13BE5F00CA1E00 /* SaveTableViewController.swift */ = {isa = PBXFileReference; lastKnownFileType = sourcecode.swift; path = SaveTableViewController.swift; sourceTree = "<group>"; };
/* End PBXFileReference section */

/* Begin PBXFrameworksBuildPhase section */
		1E586D612B11BC8000CA1E00 /* Frameworks */ = {
			isa = PBXFrameworksBuildPhase;
			buildActionMask = 2147483647;
			files = (
			);
			runOnlyForDeploymentPostprocessing = 0;
		};
/* End PBXFrameworksBuildPhase section */

/* Begin PBXGroup section */
		1E586D5B2B11BC8000CA1E00 = {
			isa = PBXGroup;
			children = (
				1E586D662B11BC8000CA1E00 /* Crypto Exchange */,
				1E586D652B11BC8000CA1E00 /* Products */,
			);
			sourceTree = "<group>";
		};
		1E586D652B11BC8000CA1E00 /* Products */ = {
			isa = PBXGroup;
			children = (
				1E586D642B11BC8000CA1E00 /* Crypto Exchange.app */,
			);
			name = Products;
			sourceTree = "<group>";
		};
		1E586D662B11BC8000CA1E00 /* Crypto Exchange */ = {
			isa = PBXGroup;
			children = (
				1E586D7B2B11BD4E00CA1E00 /* Aplication */,
				1E586D7F2B11BDDB00CA1E00 /* Controller */,
				1E586D822B11CE1400CA1E00 /* Extensions */,
				1E586D7D2B11BDC600CA1E00 /* Model */,
				1E586D7C2B11BD5F00CA1E00 /* Support */,
				1E586D7E2B11BDD200CA1E00 /* View */,
			);
			path = "Crypto Exchange";
			sourceTree = "<group>";
		};
		1E586D7B2B11BD4E00CA1E00 /* Aplication */ = {
			isa = PBXGroup;
			children = (
				1E586D672B11BC8000CA1E00 /* AppDelegate.swift */,
				1E586D692B11BC8000CA1E00 /* SceneDelegate.swift */,
			);
			path = Aplication;
			sourceTree = "<group>";
		};
		1E586D7C2B11BD5F00CA1E00 /* Support */ = {
			isa = PBXGroup;
			children = (
				1E586D702B11BC8100CA1E00 /* Assets.xcassets */,
				1E586D722B11BC8100CA1E00 /* LaunchScreen.storyboard */,
				1E586D752B11BC8100CA1E00 /* Info.plist */,
			);
			path = Support;
			sourceTree = "<group>";
		};
		1E586D7D2B11BDC600CA1E00 /* Model */ = {
			isa = PBXGroup;
			children = (
				1E586D872B13276100CA1E00 /* ApiManager.swift */,
				1E586D8D2B135B7800CA1E00 /* Coinapi.swift */,
				1E586D912B137A6400CA1E00 /* Coins.swift */,
			);
			path = Model;
			sourceTree = "<group>";
		};
		1E586D7E2B11BDD200CA1E00 /* View */ = {
			isa = PBXGroup;
			children = (
				1E586D802B11C01300CA1E00 /* MainScreen.swift */,
				1E586D952B13B9C500CA1E00 /* SaveTableViewCell.swift */,
			);
			path = View;
			sourceTree = "<group>";
		};
		1E586D7F2B11BDDB00CA1E00 /* Controller */ = {
			isa = PBXGroup;
			children = (
				1E586D6B2B11BC8000CA1E00 /* ExchangeViewController.swift */,
				1E586D992B13BE5F00CA1E00 /* SaveTableViewController.swift */,
			);
			path = Controller;
			sourceTree = "<group>";
		};
		1E586D822B11CE1400CA1E00 /* Extensions */ = {
			isa = PBXGroup;
			children = (
				1E586D832B11CE3000CA1E00 /* UIView - Extension.swift */,
			);
			path = Extensions;
			sourceTree = "<group>";
		};
/* End PBXGroup section */

/* Begin PBXNativeTarget section */
		1E586D632B11BC8000CA1E00 /* Crypto Exchange */ = {
			isa = PBXNativeTarget;
			buildConfigurationList = 1E586D782B11BC8100CA1E00 /* Build configuration list for PBXNativeTarget "Crypto Exchange" */;
			buildPhases = (
				1E586D602B11BC8000CA1E00 /* Sources */,
				1E586D612B11BC8000CA1E00 /* Frameworks */,
				1E586D622B11BC8000CA1E00 /* Resources */,
			);
			buildRules = (
			);
			dependencies = (
			);
			name = "Crypto Exchange";
			productName = "Crypto Exchange";
			productReference = 1E586D642B11BC8000CA1E00 /* Crypto Exchange.app */;
			productType = "com.apple.product-type.application";
		};
/* End PBXNativeTarget section */

/* Begin PBXProject section */
		1E586D5C2B11BC8000CA1E00 /* Project object */ = {
			isa = PBXProject;
			attributes = {
				BuildIndependentTargetsInParallel = 1;
				LastSwiftUpdateCheck = 1500;
				LastUpgradeCheck = 1500;
				TargetAttributes = {
					1E586D632B11BC8000CA1E00 = {
						CreatedOnToolsVersion = 15.0.1;
					};
				};
			};
			buildConfigurationList = 1E586D5F2B11BC8000CA1E00 /* Build configuration list for PBXProject "Crypto Exchange" */;
			compatibilityVersion = "Xcode 14.0";
			developmentRegion = en;
			hasScannedForEncodings = 0;
			knownRegions = (
				en,
				Base,
			);
			mainGroup = 1E586D5B2B11BC8000CA1E00;
			productRefGroup = 1E586D652B11BC8000CA1E00 /* Products */;
			projectDirPath = "";
			projectRoot = "";
			targets = (
				1E586D632B11BC8000CA1E00 /* Crypto Exchange */,
			);
		};
/* End PBXProject section */

/* Begin PBXResourcesBuildPhase section */
		1E586D622B11BC8000CA1E00 /* Resources */ = {
			isa = PBXResourcesBuildPhase;
			buildActionMask = 2147483647;
			files = (
				1E586D742B11BC8100CA1E00 /* LaunchScreen.storyboard in Resources */,
				1E586D712B11BC8100CA1E00 /* Assets.xcassets in Resources */,
			);
			runOnlyForDeploymentPostprocessing = 0;
		};
/* End PBXResourcesBuildPhase section */

/* Begin PBXSourcesBuildPhase section */
		1E586D602B11BC8000CA1E00 /* Sources */ = {
			isa = PBXSourcesBuildPhase;
			buildActionMask = 2147483647;
			files = (
				1E586D962B13B9C500CA1E00 /* SaveTableViewCell.swift in Sources */,
				1E586D9A2B13BE5F00CA1E00 /* SaveTableViewController.swift in Sources */,
				1E586D812B11C01300CA1E00 /* MainScreen.swift in Sources */,
				1E586D842B11CE3000CA1E00 /* UIView - Extension.swift in Sources */,
				1E586D922B137A6400CA1E00 /* Coins.swift in Sources */,
				1E586D8E2B135B7800CA1E00 /* Coinapi.swift in Sources */,
				1E586D6C2B11BC8000CA1E00 /* ExchangeViewController.swift in Sources */,
				1E586D682B11BC8000CA1E00 /* AppDelegate.swift in Sources */,
				1E586D882B13276100CA1E00 /* ApiManager.swift in Sources */,
				1E586D6A2B11BC8000CA1E00 /* SceneDelegate.swift in Sources */,
			);
			runOnlyForDeploymentPostprocessing = 0;
		};
/* End PBXSourcesBuildPhase section */

/* Begin PBXVariantGroup section */
		1E586D722B11BC8100CA1E00 /* LaunchScreen.storyboard */ = {
			isa = PBXVariantGroup;
			children = (
				1E586D732B11BC8100CA1E00 /* Base */,
			);
			name = LaunchScreen.storyboard;
			sourceTree = "<group>";
		};
/* End PBXVariantGroup section */

/* Begin XCBuildConfiguration section */
		1E586D762B11BC8100CA1E00 /* Debug */ = {
			isa = XCBuildConfiguration;
			buildSettings = {
				ALWAYS_SEARCH_USER_PATHS = NO;
				ASSETCATALOG_COMPILER_GENERATE_SWIFT_ASSET_SYMBOL_EXTENSIONS = YES;
				CLANG_ANALYZER_NONNULL = YES;
				CLANG_ANALYZER_NUMBER_OBJECT_CONVERSION = YES_AGGRESSIVE;
				CLANG_CXX_LANGUAGE_STANDARD = "gnu++20";
				CLANG_ENABLE_MODULES = YES;
				CLANG_ENABLE_OBJC_ARC = YES;
				CLANG_ENABLE_OBJC_WEAK = YES;
				CLANG_WARN_BLOCK_CAPTURE_AUTORELEASING = YES;
				CLANG_WARN_BOOL_CONVERSION = YES;
				CLANG_WARN_COMMA = YES;
				CLANG_WARN_CONSTANT_CONVERSION = YES;
				CLANG_WARN_DEPRECATED_OBJC_IMPLEMENTATIONS = YES;
				CLANG_WARN_DIRECT_OBJC_ISA_USAGE = YES_ERROR;
				CLANG_WARN_DOCUMENTATION_COMMENTS = YES;
				CLANG_WARN_EMPTY_BODY = YES;
				CLANG_WARN_ENUM_CONVERSION = YES;
				CLANG_WARN_INFINITE_RECURSION = YES;
				CLANG_WARN_INT_CONVERSION = YES;
				CLANG_WARN_NON_LITERAL_NULL_CONVERSION = YES;
				CLANG_WARN_OBJC_IMPLICIT_RETAIN_SELF = YES;
				CLANG_WARN_OBJC_LITERAL_CONVERSION = YES;
				CLANG_WARN_OBJC_ROOT_CLASS = YES_ERROR;
				CLANG_WARN_QUOTED_INCLUDE_IN_FRAMEWORK_HEADER = YES;
				CLANG_WARN_RANGE_LOOP_ANALYSIS = YES;
				CLANG_WARN_STRICT_PROTOTYPES = YES;
				CLANG_WARN_SUSPICIOUS_MOVE = YES;
				CLANG_WARN_UNGUARDED_AVAILABILITY = YES_AGGRESSIVE;
				CLANG_WARN_UNREACHABLE_CODE = YES;
				CLANG_WARN__DUPLICATE_METHOD_MATCH = YES;
				COPY_PHASE_STRIP = NO;
				DEBUG_INFORMATION_FORMAT = dwarf;
				ENABLE_STRICT_OBJC_MSGSEND = YES;
				ENABLE_TESTABILITY = YES;
				ENABLE_USER_SCRIPT_SANDBOXING = YES;
				GCC_C_LANGUAGE_STANDARD = gnu17;
				GCC_DYNAMIC_NO_PIC = NO;
				GCC_NO_COMMON_BLOCKS = YES;
				GCC_OPTIMIZATION_LEVEL = 0;
				GCC_PREPROCESSOR_DEFINITIONS = (
					"DEBUG=1",
					"$(inherited)",
				);
				GCC_WARN_64_TO_32_BIT_CONVERSION = YES;
				GCC_WARN_ABOUT_RETURN_TYPE = YES_ERROR;
				GCC_WARN_UNDECLARED_SELECTOR = YES;
				GCC_WARN_UNINITIALIZED_AUTOS = YES_AGGRESSIVE;
				GCC_WARN_UNUSED_FUNCTION = YES;
				GCC_WARN_UNUSED_VARIABLE = YES;
				IPHONEOS_DEPLOYMENT_TARGET = 17.0;
				LOCALIZATION_PREFERS_STRING_CATALOGS = YES;
				MTL_ENABLE_DEBUG_INFO = INCLUDE_SOURCE;
				MTL_FAST_MATH = YES;
				ONLY_ACTIVE_ARCH = YES;
				SDKROOT = iphoneos;
				SWIFT_ACTIVE_COMPILATION_CONDITIONS = "DEBUG $(inherited)";
				SWIFT_OPTIMIZATION_LEVEL = "-Onone";
			};
			name = Debug;
		};
		1E586D772B11BC8100CA1E00 /* Release */ = {
			isa = XCBuildConfiguration;
			buildSettings = {
				ALWAYS_SEARCH_USER_PATHS = NO;
				ASSETCATALOG_COMPILER_GENERATE_SWIFT_ASSET_SYMBOL_EXTENSIONS = YES;
				CLANG_ANALYZER_NONNULL = YES;
				CLANG_ANALYZER_NUMBER_OBJECT_CONVERSION = YES_AGGRESSIVE;
				CLANG_CXX_LANGUAGE_STANDARD = "gnu++20";
				CLANG_ENABLE_MODULES = YES;
				CLANG_ENABLE_OBJC_ARC = YES;
				CLANG_ENABLE_OBJC_WEAK = YES;
				CLANG_WARN_BLOCK_CAPTURE_AUTORELEASING = YES;
				CLANG_WARN_BOOL_CONVERSION = YES;
				CLANG_WARN_COMMA = YES;
				CLANG_WARN_CONSTANT_CONVERSION = YES;
				CLANG_WARN_DEPRECATED_OBJC_IMPLEMENTATIONS = YES;
				CLANG_WARN_DIRECT_OBJC_ISA_USAGE = YES_ERROR;
				CLANG_WARN_DOCUMENTATION_COMMENTS = YES;
				CLANG_WARN_EMPTY_BODY = YES;
				CLANG_WARN_ENUM_CONVERSION = YES;
				CLANG_WARN_INFINITE_RECURSION = YES;
				CLANG_WARN_INT_CONVERSION = YES;
				CLANG_WARN_NON_LITERAL_NULL_CONVERSION = YES;
				CLANG_WARN_OBJC_IMPLICIT_RETAIN_SELF = YES;
				CLANG_WARN_OBJC_LITERAL_CONVERSION = YES;
				CLANG_WARN_OBJC_ROOT_CLASS = YES_ERROR;
				CLANG_WARN_QUOTED_INCLUDE_IN_FRAMEWORK_HEADER = YES;
				CLANG_WARN_RANGE_LOOP_ANALYSIS = YES;
				CLANG_WARN_STRICT_PROTOTYPES = YES;
				CLANG_WARN_SUSPICIOUS_MOVE = YES;
				CLANG_WARN_UNGUARDED_AVAILABILITY = YES_AGGRESSIVE;
				CLANG_WARN_UNREACHABLE_CODE = YES;
				CLANG_WARN__DUPLICATE_METHOD_MATCH = YES;
				COPY_PHASE_STRIP = NO;
				DEBUG_INFORMATION_FORMAT = "dwarf-with-dsym";
				ENABLE_NS_ASSERTIONS = NO;
				ENABLE_STRICT_OBJC_MSGSEND = YES;
				ENABLE_USER_SCRIPT_SANDBOXING = YES;
				GCC_C_LANGUAGE_STANDARD = gnu17;
				GCC_NO_COMMON_BLOCKS = YES;
				GCC_WARN_64_TO_32_BIT_CONVERSION = YES;
				GCC_WARN_ABOUT_RETURN_TYPE = YES_ERROR;
				GCC_WARN_UNDECLARED_SELECTOR = YES;
				GCC_WARN_UNINITIALIZED_AUTOS = YES_AGGRESSIVE;
				GCC_WARN_UNUSED_FUNCTION = YES;
				GCC_WARN_UNUSED_VARIABLE = YES;
				IPHONEOS_DEPLOYMENT_TARGET = 17.0;
				LOCALIZATION_PREFERS_STRING_CATALOGS = YES;
				MTL_ENABLE_DEBUG_INFO = NO;
				MTL_FAST_MATH = YES;
				SDKROOT = iphoneos;
				SWIFT_COMPILATION_MODE = wholemodule;
				VALIDATE_PRODUCT = YES;
			};
			name = Release;
		};
		1E586D792B11BC8100CA1E00 /* Debug */ = {
			isa = XCBuildConfiguration;
			buildSettings = {
				ASSETCATALOG_COMPILER_APPICON_NAME = AppIcon;
				ASSETCATALOG_COMPILER_GLOBAL_ACCENT_COLOR_NAME = AccentColor;
				CODE_SIGN_STYLE = Automatic;
				CURRENT_PROJECT_VERSION = 1;
				DEVELOPMENT_TEAM = 4HU57HU93W;
				GENERATE_INFOPLIST_FILE = YES;
				INFOPLIST_FILE = "Crypto Exchange/Support/Info.plist";
				INFOPLIST_KEY_CFBundleDisplayName = Exchange;
				INFOPLIST_KEY_UIApplicationSupportsIndirectInputEvents = YES;
				INFOPLIST_KEY_UILaunchStoryboardName = LaunchScreen.storyboard;
				INFOPLIST_KEY_UIMainStoryboardFile = "";
				INFOPLIST_KEY_UIStatusBarStyle = "";
				INFOPLIST_KEY_UISupportedInterfaceOrientations = UIInterfaceOrientationPortrait;
				INFOPLIST_KEY_UISupportedInterfaceOrientations_iPad = "UIInterfaceOrientationLandscapeLeft UIInterfaceOrientationLandscapeRight UIInterfaceOrientationPortrait UIInterfaceOrientationPortraitUpsideDown";
				LD_RUNPATH_SEARCH_PATHS = (
					"$(inherited)",
					"@executable_path/Frameworks",
				);
				MARKETING_VERSION = 1.0;
				PRODUCT_BUNDLE_IDENTIFIER = "app.NS.Crypto.Crypto-Exchange";
				PRODUCT_NAME = "$(TARGET_NAME)";
				SUPPORTED_PLATFORMS = "iphoneos iphonesimulator";
				SUPPORTS_MACCATALYST = NO;
				SUPPORTS_MAC_DESIGNED_FOR_IPHONE_IPAD = NO;
				SWIFT_EMIT_LOC_STRINGS = YES;
				SWIFT_VERSION = 5.0;
				TARGETED_DEVICE_FAMILY = 1;
			};
			name = Debug;
		};
		1E586D7A2B11BC8100CA1E00 /* Release */ = {
			isa = XCBuildConfiguration;
			buildSettings = {
				ASSETCATALOG_COMPILER_APPICON_NAME = AppIcon;
				ASSETCATALOG_COMPILER_GLOBAL_ACCENT_COLOR_NAME = AccentColor;
				CODE_SIGN_STYLE = Automatic;
				CURRENT_PROJECT_VERSION = 1;
				DEVELOPMENT_TEAM = 4HU57HU93W;
				GENERATE_INFOPLIST_FILE = YES;
				INFOPLIST_FILE = "Crypto Exchange/Support/Info.plist";
				INFOPLIST_KEY_CFBundleDisplayName = Exchange;
				INFOPLIST_KEY_UIApplicationSupportsIndirectInputEvents = YES;
				INFOPLIST_KEY_UILaunchStoryboardName = LaunchScreen.storyboard;
				INFOPLIST_KEY_UIMainStoryboardFile = "";
				INFOPLIST_KEY_UIStatusBarStyle = "";
				INFOPLIST_KEY_UISupportedInterfaceOrientations = UIInterfaceOrientationPortrait;
				INFOPLIST_KEY_UISupportedInterfaceOrientations_iPad = "UIInterfaceOrientationLandscapeLeft UIInterfaceOrientationLandscapeRight UIInterfaceOrientationPortrait UIInterfaceOrientationPortraitUpsideDown";
				LD_RUNPATH_SEARCH_PATHS = (
					"$(inherited)",
					"@executable_path/Frameworks",
				);
				MARKETING_VERSION = 1.0;
				PRODUCT_BUNDLE_IDENTIFIER = "app.NS.Crypto.Crypto-Exchange";
				PRODUCT_NAME = "$(TARGET_NAME)";
				SUPPORTED_PLATFORMS = "iphoneos iphonesimulator";
				SUPPORTS_MACCATALYST = NO;
				SUPPORTS_MAC_DESIGNED_FOR_IPHONE_IPAD = NO;
				SWIFT_EMIT_LOC_STRINGS = YES;
				SWIFT_VERSION = 5.0;
				TARGETED_DEVICE_FAMILY = 1;
			};
			name = Release;
		};
/* End XCBuildConfiguration section */

/* Begin XCConfigurationList section */
		1E586D5F2B11BC8000CA1E00 /* Build configuration list for PBXProject "Crypto Exchange" */ = {
			isa = XCConfigurationList;
			buildConfigurations = (
				1E586D762B11BC8100CA1E00 /* Debug */,
				1E586D772B11BC8100CA1E00 /* Release */,
			);
			defaultConfigurationIsVisible = 0;
			defaultConfigurationName = Release;
		};
		1E586D782B11BC8100CA1E00 /* Build configuration list for PBXNativeTarget "Crypto Exchange" */ = {
			isa = XCConfigurationList;
			buildConfigurations = (
				1E586D792B11BC8100CA1E00 /* Debug */,
				1E586D7A2B11BC8100CA1E00 /* Release */,
			);
			defaultConfigurationIsVisible = 0;
			defaultConfigurationName = Release;
		};
/* End XCConfigurationList section */
	};
	rootObject = 1E586D5C2B11BC8000CA1E00 /* Project object */;
}
